
Microsoft Visual Studio Solution File, Format Version 12.00
# Visual Studio Version 16
VisualStudioVersion = 16.0.31129.286
MinimumVisualStudioVersion = 10.0.40219.1
Project("{FAE04EC0-301F-11D3-BF4B-00C04F79EFBC}") = "Login", "Login\Login.csproj", "{088A90C4-479C-44EE-9CDA-8B0EA73DFE2D}"
EndProject
Global
	GlobalSection(SolutionConfigurationPlatforms) = preSolution
		Debug|Any CPU = Debug|Any CPU
		Release|Any CPU = Release|Any CPU
	EndGlobalSection
	GlobalSection(ProjectConfigurationPlatforms) = postSolution
		{088A90C4-479C-44EE-9CDA-8B0EA73DFE2D}.Debug|Any CPU.ActiveCfg = Debug|Any CPU
		{088A90C4-479C-44EE-9CDA-8B0EA73DFE2D}.Debug|Any CPU.Build.0 = Debug|Any CPU
		{088A90C4-479C-44EE-9CDA-8B0EA73DFE2D}.Release|Any CPU.ActiveCfg = Release|Any CPU
		{088A90C4-479C-44EE-9CDA-8B0EA73DFE2D}.Release|Any CPU.Build.0 = Release|Any CPU
	EndGlobalSection
	GlobalSection(SolutionProperties) = preSolution
		HideSolutionNode = FALSE
	EndGlobalSection
	GlobalSection(ExtensibilityGlobals) = postSolution
		SolutionGuid = {8367BE60-30A6-4DE3-B990-5506D935FC83}
	EndGlobalSection
EndGlobal
